// !$*UTF8*$!
{
	archiveVersion = 1;
	classes = {
	};
	objectVersion = 46;
	objects = {

/* Begin PBXBuildFile section */
		AE308BD5D7BD93A568889C99 /* Pods_MyBankManagementApp.framework in Frameworks */ = {isa = PBXBuildFile; fileRef = 00B79D4FD447523B17F6C4DA /* Pods_MyBankManagementApp.framework */; };
		B14639D81C5F51D3004150EB /* BankDatabase.db in Resources */ = {isa = PBXBuildFile; fileRef = B14639D71C5F51D3004150EB /* BankDatabase.db */; };
		B17147801C5EFFA7001FCD47 /* ReportSelectClientVC.swift in Sources */ = {isa = PBXBuildFile; fileRef = B171477F1C5EFFA7001FCD47 /* ReportSelectClientVC.swift */; };
		B17147821C5F04E7001FCD47 /* ReportSelectDateRangeVC.swift in Sources */ = {isa = PBXBuildFile; fileRef = B17147811C5F04E7001FCD47 /* ReportSelectDateRangeVC.swift */; };
		B17147851C5F2F61001FCD47 /* libsqlite3.0.tbd in Frameworks */ = {isa = PBXBuildFile; fileRef = B17147831C5F2F61001FCD47 /* libsqlite3.0.tbd */; };
		B17147861C5F2F61001FCD47 /* libsqlite3.tbd in Frameworks */ = {isa = PBXBuildFile; fileRef = B17147841C5F2F61001FCD47 /* libsqlite3.tbd */; };
		B1C0AD601C5DDCF800B558A0 /* AppDelegate.swift in Sources */ = {isa = PBXBuildFile; fileRef = B1C0AD5F1C5DDCF800B558A0 /* AppDelegate.swift */; };
		B1C0AD651C5DDCF800B558A0 /* Main.storyboard in Resources */ = {isa = PBXBuildFile; fileRef = B1C0AD631C5DDCF800B558A0 /* Main.storyboard */; };
		B1C0AD671C5DDCF800B558A0 /* Assets.xcassets in Resources */ = {isa = PBXBuildFile; fileRef = B1C0AD661C5DDCF800B558A0 /* Assets.xcassets */; };
		B1C0AD6A1C5DDCF800B558A0 /* LaunchScreen.storyboard in Resources */ = {isa = PBXBuildFile; fileRef = B1C0AD681C5DDCF800B558A0 /* LaunchScreen.storyboard */; };
		B1C0AD7B1C5DDF8300B558A0 /* ClientsListVC.swift in Sources */ = {isa = PBXBuildFile; fileRef = B1C0AD7A1C5DDF8300B558A0 /* ClientsListVC.swift */; };
		B1C0AD7D1C5DDFB800B558A0 /* AccountsListVC.swift in Sources */ = {isa = PBXBuildFile; fileRef = B1C0AD7C1C5DDFB800B558A0 /* AccountsListVC.swift */; };
		B1C0AD7F1C5DE00700B558A0 /* TransactionsListVC.swift in Sources */ = {isa = PBXBuildFile; fileRef = B1C0AD7E1C5DE00700B558A0 /* TransactionsListVC.swift */; };
		B1C0AD811C5E00E700B558A0 /* Client.swift in Sources */ = {isa = PBXBuildFile; fileRef = B1C0AD801C5E00E700B558A0 /* Client.swift */; };
		B1C0AD831C5E010600B558A0 /* Account.swift in Sources */ = {isa = PBXBuildFile; fileRef = B1C0AD821C5E010600B558A0 /* Account.swift */; };
		B1C0AD851C5E012B00B558A0 /* Transaction.swift in Sources */ = {isa = PBXBuildFile; fileRef = B1C0AD841C5E012B00B558A0 /* Transaction.swift */; };
		B1C0AD891C5E085C00B558A0 /* ReportResultsVC.swift in Sources */ = {isa = PBXBuildFile; fileRef = B1C0AD881C5E085C00B558A0 /* ReportResultsVC.swift */; };
		B1C0AD8B1C5E087E00B558A0 /* ClientInfoVC.swift in Sources */ = {isa = PBXBuildFile; fileRef = B1C0AD8A1C5E087E00B558A0 /* ClientInfoVC.swift */; };
		B1C0AD8D1C5E088D00B558A0 /* AccountInfoVC.swift in Sources */ = {isa = PBXBuildFile; fileRef = B1C0AD8C1C5E088D00B558A0 /* AccountInfoVC.swift */; };
		B1C0AD8F1C5E089D00B558A0 /* TransactionInfoVC.swift in Sources */ = {isa = PBXBuildFile; fileRef = B1C0AD8E1C5E089D00B558A0 /* TransactionInfoVC.swift */; };
		B1C0AD911C5E1C4800B558A0 /* Bank.swift in Sources */ = {isa = PBXBuildFile; fileRef = B1C0AD901C5E1C4800B558A0 /* Bank.swift */; };
		B1C0AD931C5E1E0100B558A0 /* Persistence.swift in Sources */ = {isa = PBXBuildFile; fileRef = B1C0AD921C5E1E0100B558A0 /* Persistence.swift */; };
		B1C0AD971C5E945000B558A0 /* View.swift in Sources */ = {isa = PBXBuildFile; fileRef = B1C0AD961C5E945000B558A0 /* View.swift */; };
		B1C0AD991C5EAA5400B558A0 /* TransactionType.swift in Sources */ = {isa = PBXBuildFile; fileRef = B1C0AD981C5EAA5400B558A0 /* TransactionType.swift */; };
		B1C0AD9B1C5EE96C00B558A0 /* ScreensInfoEditionMode.swift in Sources */ = {isa = PBXBuildFile; fileRef = B1C0AD9A1C5EE96C00B558A0 /* ScreensInfoEditionMode.swift */; };
/* End PBXBuildFile section */

/* Begin PBXFileReference section */
		00B79D4FD447523B17F6C4DA /* Pods_MyBankManagementApp.framework */ = {isa = PBXFileReference; explicitFileType = wrapper.framework; includeInIndex = 0; path = Pods_MyBankManagementApp.framework; sourceTree = BUILT_PRODUCTS_DIR; };
		2BE709005D4706C2EC662D25 /* Pods-MyBankManagementApp.debug.xcconfig */ = {isa = PBXFileReference; includeInIndex = 1; lastKnownFileType = text.xcconfig; name = "Pods-MyBankManagementApp.debug.xcconfig"; path = "Pods/Target Support Files/Pods-MyBankManagementApp/Pods-MyBankManagementApp.debug.xcconfig"; sourceTree = "<group>"; };
		B14639D71C5F51D3004150EB /* BankDatabase.db */ = {isa = PBXFileReference; lastKnownFileType = file; path = BankDatabase.db; sourceTree = "<group>"; };
		B171477F1C5EFFA7001FCD47 /* ReportSelectClientVC.swift */ = {isa = PBXFileReference; fileEncoding = 4; lastKnownFileType = sourcecode.swift; path = ReportSelectClientVC.swift; sourceTree = "<group>"; };
		B17147811C5F04E7001FCD47 /* ReportSelectDateRangeVC.swift */ = {isa = PBXFileReference; fileEncoding = 4; lastKnownFileType = sourcecode.swift; path = ReportSelectDateRangeVC.swift; sourceTree = "<group>"; };
		B17147831C5F2F61001FCD47 /* libsqlite3.0.tbd */ = {isa = PBXFileReference; lastKnownFileType = "sourcecode.text-based-dylib-definition"; name = libsqlite3.0.tbd; path = usr/lib/libsqlite3.0.tbd; sourceTree = SDKROOT; };
		B17147841C5F2F61001FCD47 /* libsqlite3.tbd */ = {isa = PBXFileReference; lastKnownFileType = "sourcecode.text-based-dylib-definition"; name = libsqlite3.tbd; path = usr/lib/libsqlite3.tbd; sourceTree = SDKROOT; };
		B1C0AD5C1C5DDCF800B558A0 /* MyBankManagementApp.app */ = {isa = PBXFileReference; explicitFileType = wrapper.application; includeInIndex = 0; path = MyBankManagementApp.app; sourceTree = BUILT_PRODUCTS_DIR; };
		B1C0AD5F1C5DDCF800B558A0 /* AppDelegate.swift */ = {isa = PBXFileReference; lastKnownFileType = sourcecode.swift; path = AppDelegate.swift; sourceTree = "<group>"; };
		B1C0AD641C5DDCF800B558A0 /* Base */ = {isa = PBXFileReference; lastKnownFileType = file.storyboard; name = Base; path = Base.lproj/Main.storyboard; sourceTree = "<group>"; };
		B1C0AD661C5DDCF800B558A0 /* Assets.xcassets */ = {isa = PBXFileReference; lastKnownFileType = folder.assetcatalog; path = Assets.xcassets; sourceTree = "<group>"; };
		B1C0AD691C5DDCF800B558A0 /* Base */ = {isa = PBXFileReference; lastKnownFileType = file.storyboard; name = Base; path = Base.lproj/LaunchScreen.storyboard; sourceTree = "<group>"; };
		B1C0AD6B1C5DDCF800B558A0 /* Info.plist */ = {isa = PBXFileReference; lastKnownFileType = text.plist.xml; path = Info.plist; sourceTree = "<group>"; };
		B1C0AD7A1C5DDF8300B558A0 /* ClientsListVC.swift */ = {isa = PBXFileReference; fileEncoding = 4; lastKnownFileType = sourcecode.swift; path = ClientsListVC.swift; sourceTree = "<group>"; };
		B1C0AD7C1C5DDFB800B558A0 /* AccountsListVC.swift */ = {isa = PBXFileReference; fileEncoding = 4; lastKnownFileType = sourcecode.swift; path = AccountsListVC.swift; sourceTree = "<group>"; };
		B1C0AD7E1C5DE00700B558A0 /* TransactionsListVC.swift */ = {isa = PBXFileReference; fileEncoding = 4; lastKnownFileType = sourcecode.swift; path = TransactionsListVC.swift; sourceTree = "<group>"; };
		B1C0AD801C5E00E700B558A0 /* Client.swift */ = {isa = PBXFileReference; fileEncoding = 4; lastKnownFileType = sourcecode.swift; path = Client.swift; sourceTree = "<group>"; };
		B1C0AD821C5E010600B558A0 /* Account.swift */ = {isa = PBXFileReference; fileEncoding = 4; lastKnownFileType = sourcecode.swift; path = Account.swift; sourceTree = "<group>"; };
		B1C0AD841C5E012B00B558A0 /* Transaction.swift */ = {isa = PBXFileReference; fileEncoding = 4; lastKnownFileType = sourcecode.swift; path = Transaction.swift; sourceTree = "<group>"; };
		B1C0AD881C5E085C00B558A0 /* ReportResultsVC.swift */ = {isa = PBXFileReference; fileEncoding = 4; lastKnownFileType = sourcecode.swift; path = ReportResultsVC.swift; sourceTree = "<group>"; };
		B1C0AD8A1C5E087E00B558A0 /* ClientInfoVC.swift */ = {isa = PBXFileReference; fileEncoding = 4; lastKnownFileType = sourcecode.swift; path = ClientInfoVC.swift; sourceTree = "<group>"; };
		B1C0AD8C1C5E088D00B558A0 /* AccountInfoVC.swift */ = {isa = PBXFileReference; fileEncoding = 4; lastKnownFileType = sourcecode.swift; path = AccountInfoVC.swift; sourceTree = "<group>"; };
		B1C0AD8E1C5E089D00B558A0 /* TransactionInfoVC.swift */ = {isa = PBXFileReference; fileEncoding = 4; lastKnownFileType = sourcecode.swift; path = TransactionInfoVC.swift; sourceTree = "<group>"; };
		B1C0AD901C5E1C4800B558A0 /* Bank.swift */ = {isa = PBXFileReference; fileEncoding = 4; lastKnownFileType = sourcecode.swift; path = Bank.swift; sourceTree = "<group>"; };
		B1C0AD921C5E1E0100B558A0 /* Persistence.swift */ = {isa = PBXFileReference; fileEncoding = 4; lastKnownFileType = sourcecode.swift; path = Persistence.swift; sourceTree = "<group>"; };
		B1C0AD961C5E945000B558A0 /* View.swift */ = {isa = PBXFileReference; fileEncoding = 4; lastKnownFileType = sourcecode.swift; path = View.swift; sourceTree = "<group>"; };
		B1C0AD981C5EAA5400B558A0 /* TransactionType.swift */ = {isa = PBXFileReference; fileEncoding = 4; lastKnownFileType = sourcecode.swift; path = TransactionType.swift; sourceTree = "<group>"; };
		B1C0AD9A1C5EE96C00B558A0 /* ScreensInfoEditionMode.swift */ = {isa = PBXFileReference; fileEncoding = 4; lastKnownFileType = sourcecode.swift; path = ScreensInfoEditionMode.swift; sourceTree = "<group>"; };
		EEC9235D469F4F0AF8F8ABB9 /* Pods-MyBankManagementApp.release.xcconfig */ = {isa = PBXFileReference; includeInIndex = 1; lastKnownFileType = text.xcconfig; name = "Pods-MyBankManagementApp.release.xcconfig"; path = "Pods/Target Support Files/Pods-MyBankManagementApp/Pods-MyBankManagementApp.release.xcconfig"; sourceTree = "<group>"; };
/* End PBXFileReference section */

/* Begin PBXFrameworksBuildPhase section */
		B1C0AD591C5DDCF800B558A0 /* Frameworks */ = {
			isa = PBXFrameworksBuildPhase;
			buildActionMask = 2147483647;
			files = (
				B17147851C5F2F61001FCD47 /* libsqlite3.0.tbd in Frameworks */,
				B17147861C5F2F61001FCD47 /* libsqlite3.tbd in Frameworks */,
				AE308BD5D7BD93A568889C99 /* Pods_MyBankManagementApp.framework in Frameworks */,
			);
			runOnlyForDeploymentPostprocessing = 0;
		};
/* End PBXFrameworksBuildPhase section */

/* Begin PBXGroup section */
		5668EFB365C9F753DDB637F6 /* Pods */ = {
			isa = PBXGroup;
			children = (
				2BE709005D4706C2EC662D25 /* Pods-MyBankManagementApp.debug.xcconfig */,
				EEC9235D469F4F0AF8F8ABB9 /* Pods-MyBankManagementApp.release.xcconfig */,
			);
			name = Pods;
			sourceTree = "<group>";
		};
		8A4D867557D21DE7A86BCA90 /* Frameworks */ = {
			isa = PBXGroup;
			children = (
				00B79D4FD447523B17F6C4DA /* Pods_MyBankManagementApp.framework */,
			);
			name = Frameworks;
			sourceTree = "<group>";
		};
		B17147871C5F35CA001FCD47 /* Persistence */ = {
			isa = PBXGroup;
			children = (
				B1C0AD921C5E1E0100B558A0 /* Persistence.swift */,
				B14639D71C5F51D3004150EB /* BankDatabase.db */,
				B17147831C5F2F61001FCD47 /* libsqlite3.0.tbd */,
				B17147841C5F2F61001FCD47 /* libsqlite3.tbd */,
			);
			name = Persistence;
			sourceTree = "<group>";
		};
		B1C0AD531C5DDCF800B558A0 = {
			isa = PBXGroup;
			children = (
				B1C0AD5E1C5DDCF800B558A0 /* MyBankManagementApp */,
				B1C0AD5D1C5DDCF800B558A0 /* Products */,
				5668EFB365C9F753DDB637F6 /* Pods */,
				8A4D867557D21DE7A86BCA90 /* Frameworks */,
			);
			sourceTree = "<group>";
		};
		B1C0AD5D1C5DDCF800B558A0 /* Products */ = {
			isa = PBXGroup;
			children = (
				B1C0AD5C1C5DDCF800B558A0 /* MyBankManagementApp.app */,
			);
			name = Products;
			sourceTree = "<group>";
		};
		B1C0AD5E1C5DDCF800B558A0 /* MyBankManagementApp */ = {
			isa = PBXGroup;
			children = (
				B1C0AD731C5DDE1A00B558A0 /* Controller */,
				B1C0AD721C5DDE1400B558A0 /* View */,
				B1C0AD711C5DDE0D00B558A0 /* Model */,
			);
			path = MyBankManagementApp;
			sourceTree = "<group>";
		};
		B1C0AD711C5DDE0D00B558A0 /* Model */ = {
			isa = PBXGroup;
			children = (
				B1C0AD901C5E1C4800B558A0 /* Bank.swift */,
				B1C0AD771C5DDE5800B558A0 /* Client */,
				B1C0AD781C5DDE5F00B558A0 /* Account */,
				B1C0AD791C5DDE9700B558A0 /* Transaction */,
			);
			name = Model;
			sourceTree = "<group>";
		};
		B1C0AD721C5DDE1400B558A0 /* View */ = {
			isa = PBXGroup;
			children = (
				B1C0AD761C5DDE4C00B558A0 /* Images */,
				B1C0AD751C5DDE4300B558A0 /* ViewControllers */,
				B1C0AD741C5DDE3100B558A0 /* Storyboards */,
				B1C0AD961C5E945000B558A0 /* View.swift */,
				B1C0AD9A1C5EE96C00B558A0 /* ScreensInfoEditionMode.swift */,
			);
			name = View;
			sourceTree = "<group>";
		};
		B1C0AD731C5DDE1A00B558A0 /* Controller */ = {
			isa = PBXGroup;
			children = (
				B17147871C5F35CA001FCD47 /* Persistence */,
				B1C0AD5F1C5DDCF800B558A0 /* AppDelegate.swift */,
				B1C0AD6B1C5DDCF800B558A0 /* Info.plist */,
			);
			name = Controller;
			sourceTree = "<group>";
		};
		B1C0AD741C5DDE3100B558A0 /* Storyboards */ = {
			isa = PBXGroup;
			children = (
				B1C0AD631C5DDCF800B558A0 /* Main.storyboard */,
				B1C0AD681C5DDCF800B558A0 /* LaunchScreen.storyboard */,
			);
			name = Storyboards;
			sourceTree = "<group>";
		};
		B1C0AD751C5DDE4300B558A0 /* ViewControllers */ = {
			isa = PBXGroup;
			children = (
				B1C0AD9D1C5EF05C00B558A0 /* List */,
				B1C0AD9C1C5EF05000B558A0 /* Info */,
				B1C0AD9E1C5EF06700B558A0 /* Report */,
			);
			name = ViewControllers;
			sourceTree = "<group>";
		};
		B1C0AD761C5DDE4C00B558A0 /* Images */ = {
			isa = PBXGroup;
			children = (
				B1C0AD661C5DDCF800B558A0 /* Assets.xcassets */,
			);
			name = Images;
			sourceTree = "<group>";
		};
		B1C0AD771C5DDE5800B558A0 /* Client */ = {
			isa = PBXGroup;
			children = (
				B1C0AD801C5E00E700B558A0 /* Client.swift */,
			);
			name = Client;
			sourceTree = "<group>";
		};
		B1C0AD781C5DDE5F00B558A0 /* Account */ = {
			isa = PBXGroup;
			children = (
				B1C0AD821C5E010600B558A0 /* Account.swift */,
			);
			name = Account;
			sourceTree = "<group>";
		};
		B1C0AD791C5DDE9700B558A0 /* Transaction */ = {
			isa = PBXGroup;
			children = (
				B1C0AD841C5E012B00B558A0 /* Transaction.swift */,
				B1C0AD981C5EAA5400B558A0 /* TransactionType.swift */,
			);
			name = Transaction;
			sourceTree = "<group>";
		};
		B1C0AD9C1C5EF05000B558A0 /* Info */ = {
			isa = PBXGroup;
			children = (
				B1C0AD8A1C5E087E00B558A0 /* ClientInfoVC.swift */,
				B1C0AD8C1C5E088D00B558A0 /* AccountInfoVC.swift */,
				B1C0AD8E1C5E089D00B558A0 /* TransactionInfoVC.swift */,
			);
			name = Info;
			sourceTree = "<group>";
		};
		B1C0AD9D1C5EF05C00B558A0 /* List */ = {
			isa = PBXGroup;
			children = (
				B1C0AD7A1C5DDF8300B558A0 /* ClientsListVC.swift */,
				B1C0AD7C1C5DDFB800B558A0 /* AccountsListVC.swift */,
				B1C0AD7E1C5DE00700B558A0 /* TransactionsListVC.swift */,
			);
			name = List;
			sourceTree = "<group>";
		};
		B1C0AD9E1C5EF06700B558A0 /* Report */ = {
			isa = PBXGroup;
			children = (
				B1C0AD881C5E085C00B558A0 /* ReportResultsVC.swift */,
				B171477F1C5EFFA7001FCD47 /* ReportSelectClientVC.swift */,
				B17147811C5F04E7001FCD47 /* ReportSelectDateRangeVC.swift */,
			);
			name = Report;
			sourceTree = "<group>";
		};
/* End PBXGroup section */

/* Begin PBXNativeTarget section */
		B1C0AD5B1C5DDCF800B558A0 /* MyBankManagementApp */ = {
			isa = PBXNativeTarget;
			buildConfigurationList = B1C0AD6E1C5DDCF800B558A0 /* Build configuration list for PBXNativeTarget "MyBankManagementApp" */;
			buildPhases = (
				96994BA6E130BA513FF5FE43 /* Check Pods Manifest.lock */,
				B1C0AD581C5DDCF800B558A0 /* Sources */,
				B1C0AD591C5DDCF800B558A0 /* Frameworks */,
				B1C0AD5A1C5DDCF800B558A0 /* Resources */,
				5E722D54F7A6B37510560191 /* Embed Pods Frameworks */,
				24B9CC2A75F02FE8A7AB694C /* Copy Pods Resources */,
			);
			buildRules = (
			);
			dependencies = (
			);
			name = MyBankManagementApp;
			productName = MyBankManagementApp;
			productReference = B1C0AD5C1C5DDCF800B558A0 /* MyBankManagementApp.app */;
			productType = "com.apple.product-type.application";
		};
/* End PBXNativeTarget section */

/* Begin PBXProject section */
		B1C0AD541C5DDCF800B558A0 /* Project object */ = {
			isa = PBXProject;
			attributes = {
				LastSwiftUpdateCheck = 0720;
				LastUpgradeCheck = 0720;
				ORGANIZATIONNAME = "Rigoberto Saenz Imbacuan";
				TargetAttributes = {
					B1C0AD5B1C5DDCF800B558A0 = {
						CreatedOnToolsVersion = 7.2;
					};
				};
			};
			buildConfigurationList = B1C0AD571C5DDCF800B558A0 /* Build configuration list for PBXProject "MyBankManagementApp" */;
			compatibilityVersion = "Xcode 3.2";
			developmentRegion = English;
			hasScannedForEncodings = 0;
			knownRegions = (
				en,
				Base,
			);
			mainGroup = B1C0AD531C5DDCF800B558A0;
			productRefGroup = B1C0AD5D1C5DDCF800B558A0 /* Products */;
			projectDirPath = "";
			projectRoot = "";
			targets = (
				B1C0AD5B1C5DDCF800B558A0 /* MyBankManagementApp */,
			);
		};
/* End PBXProject section */

/* Begin PBXResourcesBuildPhase section */
		B1C0AD5A1C5DDCF800B558A0 /* Resources */ = {
			isa = PBXResourcesBuildPhase;
			buildActionMask = 2147483647;
			files = (
				B14639D81C5F51D3004150EB /* BankDatabase.db in Resources */,
				B1C0AD6A1C5DDCF800B558A0 /* LaunchScreen.storyboard in Resources */,
				B1C0AD671C5DDCF800B558A0 /* Assets.xcassets in Resources */,
				B1C0AD651C5DDCF800B558A0 /* Main.storyboard in Resources */,
			);
			runOnlyForDeploymentPostprocessing = 0;
		};
/* End PBXResourcesBuildPhase section */

/* Begin PBXShellScriptBuildPhase section */
		24B9CC2A75F02FE8A7AB694C /* Copy Pods Resources */ = {
			isa = PBXShellScriptBuildPhase;
			buildActionMask = 2147483647;
			files = (
			);
			inputPaths = (
			);
			name = "Copy Pods Resources";
			outputPaths = (
			);
			runOnlyForDeploymentPostprocessing = 0;
			shellPath = /bin/sh;
			shellScript = "\"${SRCROOT}/Pods/Target Support Files/Pods-MyBankManagementApp/Pods-MyBankManagementApp-resources.sh\"\n";
			showEnvVarsInLog = 0;
		};
		5E722D54F7A6B37510560191 /* Embed Pods Frameworks */ = {
			isa = PBXShellScriptBuildPhase;
			buildActionMask = 2147483647;
			files = (
			);
			inputPaths = (
			);
			name = "Embed Pods Frameworks";
			outputPaths = (
			);
			runOnlyForDeploymentPostprocessing = 0;
			shellPath = /bin/sh;
			shellScript = "\"${SRCROOT}/Pods/Target Support Files/Pods-MyBankManagementApp/Pods-MyBankManagementApp-frameworks.sh\"\n";
			showEnvVarsInLog = 0;
		};
		96994BA6E130BA513FF5FE43 /* Check Pods Manifest.lock */ = {
			isa = PBXShellScriptBuildPhase;
			buildActionMask = 2147483647;
			files = (
			);
			inputPaths = (
			);
			name = "Check Pods Manifest.lock";
			outputPaths = (
			);
			runOnlyForDeploymentPostprocessing = 0;
			shellPath = /bin/sh;
			shellScript = "diff \"${PODS_ROOT}/../Podfile.lock\" \"${PODS_ROOT}/Manifest.lock\" > /dev/null\nif [[ $? != 0 ]] ; then\n    cat << EOM\nerror: The sandbox is not in sync with the Podfile.lock. Run 'pod install' or update your CocoaPods installation.\nEOM\n    exit 1\nfi\n";
			showEnvVarsInLog = 0;
		};
/* End PBXShellScriptBuildPhase section */

/* Begin PBXSourcesBuildPhase section */
		B1C0AD581C5DDCF800B558A0 /* Sources */ = {
			isa = PBXSourcesBuildPhase;
			buildActionMask = 2147483647;
			files = (
				B1C0AD971C5E945000B558A0 /* View.swift in Sources */,
				B1C0AD9B1C5EE96C00B558A0 /* ScreensInfoEditionMode.swift in Sources */,
				B1C0AD851C5E012B00B558A0 /* Transaction.swift in Sources */,
				B1C0AD8B1C5E087E00B558A0 /* ClientInfoVC.swift in Sources */,
				B1C0AD8D1C5E088D00B558A0 /* AccountInfoVC.swift in Sources */,
				B1C0AD931C5E1E0100B558A0 /* Persistence.swift in Sources */,
				B17147801C5EFFA7001FCD47 /* ReportSelectClientVC.swift in Sources */,
				B1C0AD7D1C5DDFB800B558A0 /* AccountsListVC.swift in Sources */,
				B1C0AD7F1C5DE00700B558A0 /* TransactionsListVC.swift in Sources */,
				B17147821C5F04E7001FCD47 /* ReportSelectDateRangeVC.swift in Sources */,
				B1C0AD991C5EAA5400B558A0 /* TransactionType.swift in Sources */,
				B1C0AD911C5E1C4800B558A0 /* Bank.swift in Sources */,
				B1C0AD891C5E085C00B558A0 /* ReportResultsVC.swift in Sources */,
				B1C0AD601C5DDCF800B558A0 /* AppDelegate.swift in Sources */,
				B1C0AD811C5E00E700B558A0 /* Client.swift in Sources */,
				B1C0AD8F1C5E089D00B558A0 /* TransactionInfoVC.swift in Sources */,
				B1C0AD7B1C5DDF8300B558A0 /* ClientsListVC.swift in Sources */,
				B1C0AD831C5E010600B558A0 /* Account.swift in Sources */,
			);
			runOnlyForDeploymentPostprocessing = 0;
		};
/* End PBXSourcesBuildPhase section */

/* Begin PBXVariantGroup section */
		B1C0AD631C5DDCF800B558A0 /* Main.storyboard */ = {
			isa = PBXVariantGroup;
			children = (
				B1C0AD641C5DDCF800B558A0 /* Base */,
			);
			name = Main.storyboard;
			sourceTree = "<group>";
		};
		B1C0AD681C5DDCF800B558A0 /* LaunchScreen.storyboard */ = {
			isa = PBXVariantGroup;
			children = (
				B1C0AD691C5DDCF800B558A0 /* Base */,
			);
			name = LaunchScreen.storyboard;
			sourceTree = "<group>";
		};
/* End PBXVariantGroup section */

/* Begin XCBuildConfiguration section */
		B1C0AD6C1C5DDCF800B558A0 /* Debug */ = {
			isa = XCBuildConfiguration;
			buildSettings = {
				ALWAYS_SEARCH_USER_PATHS = NO;
				CLANG_CXX_LANGUAGE_STANDARD = "gnu++0x";
				CLANG_CXX_LIBRARY = "libc++";
				CLANG_ENABLE_MODULES = YES;
				CLANG_ENABLE_OBJC_ARC = YES;
				CLANG_WARN_BOOL_CONVERSION = YES;
				CLANG_WARN_CONSTANT_CONVERSION = YES;
				CLANG_WARN_DIRECT_OBJC_ISA_USAGE = YES_ERROR;
				CLANG_WARN_EMPTY_BODY = YES;
				CLANG_WARN_ENUM_CONVERSION = YES;
				CLANG_WARN_INT_CONVERSION = YES;
				CLANG_WARN_OBJC_ROOT_CLASS = YES_ERROR;
				CLANG_WARN_UNREACHABLE_CODE = YES;
				CLANG_WARN__DUPLICATE_METHOD_MATCH = YES;
				"CODE_SIGN_IDENTITY[sdk=iphoneos*]" = "iPhone Developer";
				COPY_PHASE_STRIP = NO;
				DEBUG_INFORMATION_FORMAT = dwarf;
				ENABLE_STRICT_OBJC_MSGSEND = YES;
				ENABLE_TESTABILITY = YES;
				GCC_C_LANGUAGE_STANDARD = gnu99;
				GCC_DYNAMIC_NO_PIC = NO;
				GCC_NO_COMMON_BLOCKS = YES;
				GCC_OPTIMIZATION_LEVEL = 0;
				GCC_PREPROCESSOR_DEFINITIONS = (
					"DEBUG=1",
					"$(inherited)",
				);
				GCC_WARN_64_TO_32_BIT_CONVERSION = YES;
				GCC_WARN_ABOUT_RETURN_TYPE = YES_ERROR;
				GCC_WARN_UNDECLARED_SELECTOR = YES;
				GCC_WARN_UNINITIALIZED_AUTOS = YES_AGGRESSIVE;
				GCC_WARN_UNUSED_FUNCTION = YES;
				GCC_WARN_UNUSED_VARIABLE = YES;
				IPHONEOS_DEPLOYMENT_TARGET = 9.2;
				MTL_ENABLE_DEBUG_INFO = YES;
				ONLY_ACTIVE_ARCH = YES;
				SDKROOT = iphoneos;
				SWIFT_OPTIMIZATION_LEVEL = "-Onone";
				TARGETED_DEVICE_FAMILY = "1,2";
			};
			name = Debug;
		};
		B1C0AD6D1C5DDCF800B558A0 /* Release */ = {
			isa = XCBuildConfiguration;
			buildSettings = {
				ALWAYS_SEARCH_USER_PATHS = NO;
				CLANG_CXX_LANGUAGE_STANDARD = "gnu++0x";
				CLANG_CXX_LIBRARY = "libc++";
				CLANG_ENABLE_MODULES = YES;
				CLANG_ENABLE_OBJC_ARC = YES;
				CLANG_WARN_BOOL_CONVERSION = YES;
				CLANG_WARN_CONSTANT_CONVERSION = YES;
				CLANG_WARN_DIRECT_OBJC_ISA_USAGE = YES_ERROR;
				CLANG_WARN_EMPTY_BODY = YES;
				CLANG_WARN_ENUM_CONVERSION = YES;
				CLANG_WARN_INT_CONVERSION = YES;
				CLANG_WARN_OBJC_ROOT_CLASS = YES_ERROR;
				CLANG_WARN_UNREACHABLE_CODE = YES;
				CLANG_WARN__DUPLICATE_METHOD_MATCH = YES;
				"CODE_SIGN_IDENTITY[sdk=iphoneos*]" = "iPhone Developer";
				COPY_PHASE_STRIP = NO;
				DEBUG_INFORMATION_FORMAT = "dwarf-with-dsym";
				ENABLE_NS_ASSERTIONS = NO;
				ENABLE_STRICT_OBJC_MSGSEND = YES;
				GCC_C_LANGUAGE_STANDARD = gnu99;
				GCC_NO_COMMON_BLOCKS = YES;
				GCC_WARN_64_TO_32_BIT_CONVERSION = YES;
				GCC_WARN_ABOUT_RETURN_TYPE = YES_ERROR;
				GCC_WARN_UNDECLARED_SELECTOR = YES;
				GCC_WARN_UNINITIALIZED_AUTOS = YES_AGGRESSIVE;
				GCC_WARN_UNUSED_FUNCTION = YES;
				GCC_WARN_UNUSED_VARIABLE = YES;
				IPHONEOS_DEPLOYMENT_TARGET = 9.2;
				MTL_ENABLE_DEBUG_INFO = NO;
				SDKROOT = iphoneos;
				TARGETED_DEVICE_FAMILY = "1,2";
				VALIDATE_PRODUCT = YES;
			};
			name = Release;
		};
		B1C0AD6F1C5DDCF800B558A0 /* Debug */ = {
			isa = XCBuildConfiguration;
			baseConfigurationReference = 2BE709005D4706C2EC662D25 /* Pods-MyBankManagementApp.debug.xcconfig */;
			buildSettings = {
				ASSETCATALOG_COMPILER_APPICON_NAME = AppIcon;
				INFOPLIST_FILE = MyBankManagementApp/Info.plist;
				LD_RUNPATH_SEARCH_PATHS = "$(inherited) @executable_path/Frameworks";
				PRODUCT_BUNDLE_IDENTIFIER = com.rsaenzi.MyBankManagementApp;
				PRODUCT_NAME = "$(TARGET_NAME)";
			};
			name = Debug;
		};
		B1C0AD701C5DDCF800B558A0 /* Release */ = {
			isa = XCBuildConfiguration;
			baseConfigurationReference = EEC9235D469F4F0AF8F8ABB9 /* Pods-MyBankManagementApp.release.xcconfig */;
			buildSettings = {
				ASSETCATALOG_COMPILER_APPICON_NAME = AppIcon;
				INFOPLIST_FILE = MyBankManagementApp/Info.plist;
				LD_RUNPATH_SEARCH_PATHS = "$(inherited) @executable_path/Frameworks";
				PRODUCT_BUNDLE_IDENTIFIER = com.rsaenzi.MyBankManagementApp;
				PRODUCT_NAME = "$(TARGET_NAME)";
			};
			name = Release;
		};
/* End XCBuildConfiguration section */

/* Begin XCConfigurationList section */
		B1C0AD571C5DDCF800B558A0 /* Build configuration list for PBXProject "MyBankManagementApp" */ = {
			isa = XCConfigurationList;
			buildConfigurations = (
				B1C0AD6C1C5DDCF800B558A0 /* Debug */,
				B1C0AD6D1C5DDCF800B558A0 /* Release */,
			);
			defaultConfigurationIsVisible = 0;
			defaultConfigurationName = Release;
		};
		B1C0AD6E1C5DDCF800B558A0 /* Build configuration list for PBXNativeTarget "MyBankManagementApp" */ = {
			isa = XCConfigurationList;
			buildConfigurations = (
				B1C0AD6F1C5DDCF800B558A0 /* Debug */,
				B1C0AD701C5DDCF800B558A0 /* Release */,
			);
			defaultConfigurationIsVisible = 0;
			defaultConfigurationName = Release;
		};
/* End XCConfigurationList section */
	};
	rootObject = B1C0AD541C5DDCF800B558A0 /* Project object */;
}
